
Microsoft Visual Studio Solution File, Format Version 12.00
# Visual Studio Version 16
VisualStudioVersion = 16.0.31729.503
MinimumVisualStudioVersion = 10.0.40219.1
Project("{9A19103F-16F7-4668-BE54-9A1E7A4F7556}") = "FormVer2", "FormVer2\FormVer2.csproj", "{52BDA34A-5AB4-40D2-A62E-26203E421335}"
EndProject
Global
	GlobalSection(SolutionConfigurationPlatforms) = preSolution
		Debug|Any CPU = Debug|Any CPU
		Release|Any CPU = Release|Any CPU
	EndGlobalSection
	GlobalSection(ProjectConfigurationPlatforms) = postSolution
		{52BDA34A-5AB4-40D2-A62E-26203E421335}.Debug|Any CPU.ActiveCfg = Debug|Any CPU
		{52BDA34A-5AB4-40D2-A62E-26203E421335}.Debug|Any CPU.Build.0 = Debug|Any CPU
		{52BDA34A-5AB4-40D2-A62E-26203E421335}.Release|Any CPU.ActiveCfg = Release|Any CPU
		{52BDA34A-5AB4-40D2-A62E-26203E421335}.Release|Any CPU.Build.0 = Release|Any CPU
	EndGlobalSection
	GlobalSection(SolutionProperties) = preSolution
		HideSolutionNode = FALSE
	EndGlobalSection
	GlobalSection(ExtensibilityGlobals) = postSolution
		SolutionGuid = {57157101-E42A-41E0-BBD1-7CCFF24C84A7}
	EndGlobalSection
EndGlobal
